
Microsoft Visual Studio Solution File, Format Version 12.00
# Visual Studio 15
VisualStudioVersion = 15.0.27004.2009
MinimumVisualStudioVersion = 10.0.40219.1
Project("{FAE04EC0-301F-11D3-BF4B-00C04F79EFBC}") = "Blackjack", "Blackjack\Blackjack.csproj", "{49C064F6-9992-4867-93A3-F667C3C6D329}"
EndProject
Global
	GlobalSection(SolutionConfigurationPlatforms) = preSolution
		Debug|Any CPU = Debug|Any CPU
		Release|Any CPU = Release|Any CPU
	EndGlobalSection
	GlobalSection(ProjectConfigurationPlatforms) = postSolution
		{49C064F6-9992-4867-93A3-F667C3C6D329}.Debug|Any CPU.ActiveCfg = Debug|Any CPU
		{49C064F6-9992-4867-93A3-F667C3C6D329}.Debug|Any CPU.Build.0 = Debug|Any CPU
		{49C064F6-9992-4867-93A3-F667C3C6D329}.Release|Any CPU.ActiveCfg = Release|Any CPU
		{49C064F6-9992-4867-93A3-F667C3C6D329}.Release|Any CPU.Build.0 = Release|Any CPU
	EndGlobalSection
	GlobalSection(SolutionProperties) = preSolution
		HideSolutionNode = FALSE
	EndGlobalSection
	GlobalSection(ExtensibilityGlobals) = postSolution
		SolutionGuid = {C4F0E9C0-9C26-48CD-A445-B4CC4E5D0DD2}
	EndGlobalSection
EndGlobal
